
Microsoft Visual Studio Solution File, Format Version 12.00
Project("{F2A71F9B-5D33-465A-A702-920D77279786}") = "AI-assigntment-2", "AI-assigntment-2\AI-assigntment-2.fsproj", "{8DE714DB-8052-4BED-A4C4-71CD86B5BFA0}"
EndProject
Global
	GlobalSection(SolutionConfigurationPlatforms) = preSolution
		Debug|Any CPU = Debug|Any CPU
		Release|Any CPU = Release|Any CPU
	EndGlobalSection
	GlobalSection(ProjectConfigurationPlatforms) = postSolution
		{8DE714DB-8052-4BED-A4C4-71CD86B5BFA0}.Debug|Any CPU.ActiveCfg = Debug|Any CPU
		{8DE714DB-8052-4BED-A4C4-71CD86B5BFA0}.Debug|Any CPU.Build.0 = Debug|Any CPU
		{8DE714DB-8052-4BED-A4C4-71CD86B5BFA0}.Release|Any CPU.ActiveCfg = Release|Any CPU
		{8DE714DB-8052-4BED-A4C4-71CD86B5BFA0}.Release|Any CPU.Build.0 = Release|Any CPU
	EndGlobalSection
EndGlobal
